// !$*UTF8*$!
{
	archiveVersion = 1;
	classes = {
	};
	objectVersion = 50;
	objects = {

/* Begin PBXBuildFile section */
		6A5DF7F32260C70D00E71A13 /* AppDelegate.swift in Sources */ = {isa = PBXBuildFile; fileRef = 6A5DF7F22260C70D00E71A13 /* AppDelegate.swift */; };
		6A5DF7F52260C70D00E71A13 /* ViewController.swift in Sources */ = {isa = PBXBuildFile; fileRef = 6A5DF7F42260C70D00E71A13 /* ViewController.swift */; };
		6A5DF7F82260C70D00E71A13 /* Main.storyboard in Resources */ = {isa = PBXBuildFile; fileRef = 6A5DF7F62260C70D00E71A13 /* Main.storyboard */; };
		6A5DF7FA2260C70E00E71A13 /* Assets.xcassets in Resources */ = {isa = PBXBuildFile; fileRef = 6A5DF7F92260C70E00E71A13 /* Assets.xcassets */; };
		6A5DF7FD2260C70E00E71A13 /* LaunchScreen.storyboard in Resources */ = {isa = PBXBuildFile; fileRef = 6A5DF7FB2260C70E00E71A13 /* LaunchScreen.storyboard */; };
		6A5DF8082260C70E00E71A13 /* rockPaperScissorsTests.swift in Sources */ = {isa = PBXBuildFile; fileRef = 6A5DF8072260C70E00E71A13 /* rockPaperScissorsTests.swift */; };
		6A5DF8132260C70E00E71A13 /* rockPaperScissorsUITests.swift in Sources */ = {isa = PBXBuildFile; fileRef = 6A5DF8122260C70E00E71A13 /* rockPaperScissorsUITests.swift */; };
/* End PBXBuildFile section */

/* Begin PBXContainerItemProxy section */
		6A5DF8042260C70E00E71A13 /* PBXContainerItemProxy */ = {
			isa = PBXContainerItemProxy;
			containerPortal = 6A5DF7E72260C70D00E71A13 /* Project object */;
			proxyType = 1;
			remoteGlobalIDString = 6A5DF7EE2260C70D00E71A13;
			remoteInfo = rockPaperScissors;
		};
		6A5DF80F2260C70E00E71A13 /* PBXContainerItemProxy */ = {
			isa = PBXContainerItemProxy;
			containerPortal = 6A5DF7E72260C70D00E71A13 /* Project object */;
			proxyType = 1;
			remoteGlobalIDString = 6A5DF7EE2260C70D00E71A13;
			remoteInfo = rockPaperScissors;
		};
/* End PBXContainerItemProxy section */

/* Begin PBXFileReference section */
		6A5DF7EF2260C70D00E71A13 /* rockPaperScissors.app */ = {isa = PBXFileReference; explicitFileType = wrapper.application; includeInIndex = 0; path = rockPaperScissors.app; sourceTree = BUILT_PRODUCTS_DIR; };
		6A5DF7F22260C70D00E71A13 /* AppDelegate.swift */ = {isa = PBXFileReference; lastKnownFileType = sourcecode.swift; path = AppDelegate.swift; sourceTree = "<group>"; };
		6A5DF7F42260C70D00E71A13 /* ViewController.swift */ = {isa = PBXFileReference; lastKnownFileType = sourcecode.swift; path = ViewController.swift; sourceTree = "<group>"; };
		6A5DF7F72260C70D00E71A13 /* Base */ = {isa = PBXFileReference; lastKnownFileType = file.storyboard; name = Base; path = Base.lproj/Main.storyboard; sourceTree = "<group>"; };
		6A5DF7F92260C70E00E71A13 /* Assets.xcassets */ = {isa = PBXFileReference; lastKnownFileType = folder.assetcatalog; path = Assets.xcassets; sourceTree = "<group>"; };
		6A5DF7FC2260C70E00E71A13 /* Base */ = {isa = PBXFileReference; lastKnownFileType = file.storyboard; name = Base; path = Base.lproj/LaunchScreen.storyboard; sourceTree = "<group>"; };
		6A5DF7FE2260C70E00E71A13 /* Info.plist */ = {isa = PBXFileReference; lastKnownFileType = text.plist.xml; path = Info.plist; sourceTree = "<group>"; };
		6A5DF8032260C70E00E71A13 /* rockPaperScissorsTests.xctest */ = {isa = PBXFileReference; explicitFileType = wrapper.cfbundle; includeInIndex = 0; path = rockPaperScissorsTests.xctest; sourceTree = BUILT_PRODUCTS_DIR; };
		6A5DF8072260C70E00E71A13 /* rockPaperScissorsTests.swift */ = {isa = PBXFileReference; lastKnownFileType = sourcecode.swift; path = rockPaperScissorsTests.swift; sourceTree = "<group>"; };
		6A5DF8092260C70E00E71A13 /* Info.plist */ = {isa = PBXFileReference; lastKnownFileType = text.plist.xml; path = Info.plist; sourceTree = "<group>"; };
		6A5DF80E2260C70E00E71A13 /* rockPaperScissorsUITests.xctest */ = {isa = PBXFileReference; explicitFileType = wrapper.cfbundle; includeInIndex = 0; path = rockPaperScissorsUITests.xctest; sourceTree = BUILT_PRODUCTS_DIR; };
		6A5DF8122260C70E00E71A13 /* rockPaperScissorsUITests.swift */ = {isa = PBXFileReference; lastKnownFileType = sourcecode.swift; path = rockPaperScissorsUITests.swift; sourceTree = "<group>"; };
		6A5DF8142260C70E00E71A13 /* Info.plist */ = {isa = PBXFileReference; lastKnownFileType = text.plist.xml; path = Info.plist; sourceTree = "<group>"; };
/* End PBXFileReference section */

/* Begin PBXFrameworksBuildPhase section */
		6A5DF7EC2260C70D00E71A13 /* Frameworks */ = {
			isa = PBXFrameworksBuildPhase;
			buildActionMask = 2147483647;
			files = (
			);
			runOnlyForDeploymentPostprocessing = 0;
		};
		6A5DF8002260C70E00E71A13 /* Frameworks */ = {
			isa = PBXFrameworksBuildPhase;
			buildActionMask = 2147483647;
			files = (
			);
			runOnlyForDeploymentPostprocessing = 0;
		};
		6A5DF80B2260C70E00E71A13 /* Frameworks */ = {
			isa = PBXFrameworksBuildPhase;
			buildActionMask = 2147483647;
			files = (
			);
			runOnlyForDeploymentPostprocessing = 0;
		};
/* End PBXFrameworksBuildPhase section */

/* Begin PBXGroup section */
		6A5DF7E62260C70D00E71A13 = {
			isa = PBXGroup;
			children = (
				6A5DF7F12260C70D00E71A13 /* rockPaperScissors */,
				6A5DF8062260C70E00E71A13 /* rockPaperScissorsTests */,
				6A5DF8112260C70E00E71A13 /* rockPaperScissorsUITests */,
				6A5DF7F02260C70D00E71A13 /* Products */,
			);
			sourceTree = "<group>";
		};
		6A5DF7F02260C70D00E71A13 /* Products */ = {
			isa = PBXGroup;
			children = (
				6A5DF7EF2260C70D00E71A13 /* rockPaperScissors.app */,
				6A5DF8032260C70E00E71A13 /* rockPaperScissorsTests.xctest */,
				6A5DF80E2260C70E00E71A13 /* rockPaperScissorsUITests.xctest */,
			);
			name = Products;
			sourceTree = "<group>";
		};
		6A5DF7F12260C70D00E71A13 /* rockPaperScissors */ = {
			isa = PBXGroup;
			children = (
				6A5DF7F22260C70D00E71A13 /* AppDelegate.swift */,
				6A5DF7F42260C70D00E71A13 /* ViewController.swift */,
				6A5DF7F62260C70D00E71A13 /* Main.storyboard */,
				6A5DF7F92260C70E00E71A13 /* Assets.xcassets */,
				6A5DF7FB2260C70E00E71A13 /* LaunchScreen.storyboard */,
				6A5DF7FE2260C70E00E71A13 /* Info.plist */,
			);
			path = rockPaperScissors;
			sourceTree = "<group>";
		};
		6A5DF8062260C70E00E71A13 /* rockPaperScissorsTests */ = {
			isa = PBXGroup;
			children = (
				6A5DF8072260C70E00E71A13 /* rockPaperScissorsTests.swift */,
				6A5DF8092260C70E00E71A13 /* Info.plist */,
			);
			path = rockPaperScissorsTests;
			sourceTree = "<group>";
		};
		6A5DF8112260C70E00E71A13 /* rockPaperScissorsUITests */ = {
			isa = PBXGroup;
			children = (
				6A5DF8122260C70E00E71A13 /* rockPaperScissorsUITests.swift */,
				6A5DF8142260C70E00E71A13 /* Info.plist */,
			);
			path = rockPaperScissorsUITests;
			sourceTree = "<group>";
		};
/* End PBXGroup section */

/* Begin PBXNativeTarget section */
		6A5DF7EE2260C70D00E71A13 /* rockPaperScissors */ = {
			isa = PBXNativeTarget;
			buildConfigurationList = 6A5DF8172260C70E00E71A13 /* Build configuration list for PBXNativeTarget "rockPaperScissors" */;
			buildPhases = (
				6A5DF7EB2260C70D00E71A13 /* Sources */,
				6A5DF7EC2260C70D00E71A13 /* Frameworks */,
				6A5DF7ED2260C70D00E71A13 /* Resources */,
			);
			buildRules = (
			);
			dependencies = (
			);
			name = rockPaperScissors;
			productName = rockPaperScissors;
			productReference = 6A5DF7EF2260C70D00E71A13 /* rockPaperScissors.app */;
			productType = "com.apple.product-type.application";
		};
		6A5DF8022260C70E00E71A13 /* rockPaperScissorsTests */ = {
			isa = PBXNativeTarget;
			buildConfigurationList = 6A5DF81A2260C70E00E71A13 /* Build configuration list for PBXNativeTarget "rockPaperScissorsTests" */;
			buildPhases = (
				6A5DF7FF2260C70E00E71A13 /* Sources */,
				6A5DF8002260C70E00E71A13 /* Frameworks */,
				6A5DF8012260C70E00E71A13 /* Resources */,
			);
			buildRules = (
			);
			dependencies = (
				6A5DF8052260C70E00E71A13 /* PBXTargetDependency */,
			);
			name = rockPaperScissorsTests;
			productName = rockPaperScissorsTests;
			productReference = 6A5DF8032260C70E00E71A13 /* rockPaperScissorsTests.xctest */;
			productType = "com.apple.product-type.bundle.unit-test";
		};
		6A5DF80D2260C70E00E71A13 /* rockPaperScissorsUITests */ = {
			isa = PBXNativeTarget;
			buildConfigurationList = 6A5DF81D2260C70E00E71A13 /* Build configuration list for PBXNativeTarget "rockPaperScissorsUITests" */;
			buildPhases = (
				6A5DF80A2260C70E00E71A13 /* Sources */,
				6A5DF80B2260C70E00E71A13 /* Frameworks */,
				6A5DF80C2260C70E00E71A13 /* Resources */,
			);
			buildRules = (
			);
			dependencies = (
				6A5DF8102260C70E00E71A13 /* PBXTargetDependency */,
			);
			name = rockPaperScissorsUITests;
			productName = rockPaperScissorsUITests;
			productReference = 6A5DF80E2260C70E00E71A13 /* rockPaperScissorsUITests.xctest */;
			productType = "com.apple.product-type.bundle.ui-testing";
		};
/* End PBXNativeTarget section */

/* Begin PBXProject section */
		6A5DF7E72260C70D00E71A13 /* Project object */ = {
			isa = PBXProject;
			attributes = {
				LastSwiftUpdateCheck = 1010;
				LastUpgradeCheck = 1010;
				ORGANIZATIONNAME = oheneba;
				TargetAttributes = {
					6A5DF7EE2260C70D00E71A13 = {
						CreatedOnToolsVersion = 10.1;
					};
					6A5DF8022260C70E00E71A13 = {
						CreatedOnToolsVersion = 10.1;
						TestTargetID = 6A5DF7EE2260C70D00E71A13;
					};
					6A5DF80D2260C70E00E71A13 = {
						CreatedOnToolsVersion = 10.1;
						TestTargetID = 6A5DF7EE2260C70D00E71A13;
					};
				};
			};
			buildConfigurationList = 6A5DF7EA2260C70D00E71A13 /* Build configuration list for PBXProject "rockPaperScissors" */;
			compatibilityVersion = "Xcode 9.3";
			developmentRegion = en;
			hasScannedForEncodings = 0;
			knownRegions = (
				en,
				Base,
			);
			mainGroup = 6A5DF7E62260C70D00E71A13;
			productRefGroup = 6A5DF7F02260C70D00E71A13 /* Products */;
			projectDirPath = "";
			projectRoot = "";
			targets = (
				6A5DF7EE2260C70D00E71A13 /* rockPaperScissors */,
				6A5DF8022260C70E00E71A13 /* rockPaperScissorsTests */,
				6A5DF80D2260C70E00E71A13 /* rockPaperScissorsUITests */,
			);
		};
/* End PBXProject section */

/* Begin PBXResourcesBuildPhase section */
		6A5DF7ED2260C70D00E71A13 /* Resources */ = {
			isa = PBXResourcesBuildPhase;
			buildActionMask = 2147483647;
			files = (
				6A5DF7FD2260C70E00E71A13 /* LaunchScreen.storyboard in Resources */,
				6A5DF7FA2260C70E00E71A13 /* Assets.xcassets in Resources */,
				6A5DF7F82260C70D00E71A13 /* Main.storyboard in Resources */,
			);
			runOnlyForDeploymentPostprocessing = 0;
		};
		6A5DF8012260C70E00E71A13 /* Resources */ = {
			isa = PBXResourcesBuildPhase;
			buildActionMask = 2147483647;
			files = (
			);
			runOnlyForDeploymentPostprocessing = 0;
		};
		6A5DF80C2260C70E00E71A13 /* Resources */ = {
			isa = PBXResourcesBuildPhase;
			buildActionMask = 2147483647;
			files = (
			);
			runOnlyForDeploymentPostprocessing = 0;
		};
/* End PBXResourcesBuildPhase section */

/* Begin PBXSourcesBuildPhase section */
		6A5DF7EB2260C70D00E71A13 /* Sources */ = {
			isa = PBXSourcesBuildPhase;
			buildActionMask = 2147483647;
			files = (
				6A5DF7F52260C70D00E71A13 /* ViewController.swift in Sources */,
				6A5DF7F32260C70D00E71A13 /* AppDelegate.swift in Sources */,
			);
			runOnlyForDeploymentPostprocessing = 0;
		};
		6A5DF7FF2260C70E00E71A13 /* Sources */ = {
			isa = PBXSourcesBuildPhase;
			buildActionMask = 2147483647;
			files = (
				6A5DF8082260C70E00E71A13 /* rockPaperScissorsTests.swift in Sources */,
			);
			runOnlyForDeploymentPostprocessing = 0;
		};
		6A5DF80A2260C70E00E71A13 /* Sources */ = {
			isa = PBXSourcesBuildPhase;
			buildActionMask = 2147483647;
			files = (
				6A5DF8132260C70E00E71A13 /* rockPaperScissorsUITests.swift in Sources */,
			);
			runOnlyForDeploymentPostprocessing = 0;
		};
/* End PBXSourcesBuildPhase section */

/* Begin PBXTargetDependency section */
		6A5DF8052260C70E00E71A13 /* PBXTargetDependency */ = {
			isa = PBXTargetDependency;
			target = 6A5DF7EE2260C70D00E71A13 /* rockPaperScissors */;
			targetProxy = 6A5DF8042260C70E00E71A13 /* PBXContainerItemProxy */;
		};
		6A5DF8102260C70E00E71A13 /* PBXTargetDependency */ = {
			isa = PBXTargetDependency;
			target = 6A5DF7EE2260C70D00E71A13 /* rockPaperScissors */;
			targetProxy = 6A5DF80F2260C70E00E71A13 /* PBXContainerItemProxy */;
		};
/* End PBXTargetDependency section */

/* Begin PBXVariantGroup section */
		6A5DF7F62260C70D00E71A13 /* Main.storyboard */ = {
			isa = PBXVariantGroup;
			children = (
				6A5DF7F72260C70D00E71A13 /* Base */,
			);
			name = Main.storyboard;
			sourceTree = "<group>";
		};
		6A5DF7FB2260C70E00E71A13 /* LaunchScreen.storyboard */ = {
			isa = PBXVariantGroup;
			children = (
				6A5DF7FC2260C70E00E71A13 /* Base */,
			);
			name = LaunchScreen.storyboard;
			sourceTree = "<group>";
		};
/* End PBXVariantGroup section */

/* Begin XCBuildConfiguration section */
		6A5DF8152260C70E00E71A13 /* Debug */ = {
			isa = XCBuildConfiguration;
			buildSettings = {
				ALWAYS_SEARCH_USER_PATHS = NO;
				CLANG_ANALYZER_NONNULL = YES;
				CLANG_ANALYZER_NUMBER_OBJECT_CONVERSION = YES_AGGRESSIVE;
				CLANG_CXX_LANGUAGE_STANDARD = "gnu++14";
				CLANG_CXX_LIBRARY = "libc++";
				CLANG_ENABLE_MODULES = YES;
				CLANG_ENABLE_OBJC_ARC = YES;
				CLANG_ENABLE_OBJC_WEAK = YES;
				CLANG_WARN_BLOCK_CAPTURE_AUTORELEASING = YES;
				CLANG_WARN_BOOL_CONVERSION = YES;
				CLANG_WARN_COMMA = YES;
				CLANG_WARN_CONSTANT_CONVERSION = YES;
				CLANG_WARN_DEPRECATED_OBJC_IMPLEMENTATIONS = YES;
				CLANG_WARN_DIRECT_OBJC_ISA_USAGE = YES_ERROR;
				CLANG_WARN_DOCUMENTATION_COMMENTS = YES;
				CLANG_WARN_EMPTY_BODY = YES;
				CLANG_WARN_ENUM_CONVERSION = YES;
				CLANG_WARN_INFINITE_RECURSION = YES;
				CLANG_WARN_INT_CONVERSION = YES;
				CLANG_WARN_NON_LITERAL_NULL_CONVERSION = YES;
				CLANG_WARN_OBJC_IMPLICIT_RETAIN_SELF = YES;
				CLANG_WARN_OBJC_LITERAL_CONVERSION = YES;
				CLANG_WARN_OBJC_ROOT_CLASS = YES_ERROR;
				CLANG_WARN_RANGE_LOOP_ANALYSIS = YES;
				CLANG_WARN_STRICT_PROTOTYPES = YES;
				CLANG_WARN_SUSPICIOUS_MOVE = YES;
				CLANG_WARN_UNGUARDED_AVAILABILITY = YES_AGGRESSIVE;
				CLANG_WARN_UNREACHABLE_CODE = YES;
				CLANG_WARN__DUPLICATE_METHOD_MATCH = YES;
				CODE_SIGN_IDENTITY = "iPhone Developer";
				COPY_PHASE_STRIP = NO;
				DEBUG_INFORMATION_FORMAT = dwarf;
				ENABLE_STRICT_OBJC_MSGSEND = YES;
				ENABLE_TESTABILITY = YES;
				GCC_C_LANGUAGE_STANDARD = gnu11;
				GCC_DYNAMIC_NO_PIC = NO;
				GCC_NO_COMMON_BLOCKS = YES;
				GCC_OPTIMIZATION_LEVEL = 0;
				GCC_PREPROCESSOR_DEFINITIONS = (
					"DEBUG=1",
					"$(inherited)",
				);
				GCC_WARN_64_TO_32_BIT_CONVERSION = YES;
				GCC_WARN_ABOUT_RETURN_TYPE = YES_ERROR;
				GCC_WARN_UNDECLARED_SELECTOR = YES;
				GCC_WARN_UNINITIALIZED_AUTOS = YES_AGGRESSIVE;
				GCC_WARN_UNUSED_FUNCTION = YES;
				GCC_WARN_UNUSED_VARIABLE = YES;
				IPHONEOS_DEPLOYMENT_TARGET = 12.1;
				MTL_ENABLE_DEBUG_INFO = INCLUDE_SOURCE;
				MTL_FAST_MATH = YES;
				ONLY_ACTIVE_ARCH = YES;
				SDKROOT = iphoneos;
				SWIFT_ACTIVE_COMPILATION_CONDITIONS = DEBUG;
				SWIFT_OPTIMIZATION_LEVEL = "-Onone";
			};
			name = Debug;
		};
		6A5DF8162260C70E00E71A13 /* Release */ = {
			isa = XCBuildConfiguration;
			buildSettings = {
				ALWAYS_SEARCH_USER_PATHS = NO;
				CLANG_ANALYZER_NONNULL = YES;
				CLANG_ANALYZER_NUMBER_OBJECT_CONVERSION = YES_AGGRESSIVE;
				CLANG_CXX_LANGUAGE_STANDARD = "gnu++14";
				CLANG_CXX_LIBRARY = "libc++";
				CLANG_ENABLE_MODULES = YES;
				CLANG_ENABLE_OBJC_ARC = YES;
				CLANG_ENABLE_OBJC_WEAK = YES;
				CLANG_WARN_BLOCK_CAPTURE_AUTORELEASING = YES;
				CLANG_WARN_BOOL_CONVERSION = YES;
				CLANG_WARN_COMMA = YES;
				CLANG_WARN_CONSTANT_CONVERSION = YES;
				CLANG_WARN_DEPRECATED_OBJC_IMPLEMENTATIONS = YES;
				CLANG_WARN_DIRECT_OBJC_ISA_USAGE = YES_ERROR;
				CLANG_WARN_DOCUMENTATION_COMMENTS = YES;
				CLANG_WARN_EMPTY_BODY = YES;
				CLANG_WARN_ENUM_CONVERSION = YES;
				CLANG_WARN_INFINITE_RECURSION = YES;
				CLANG_WARN_INT_CONVERSION = YES;
				CLANG_WARN_NON_LITERAL_NULL_CONVERSION = YES;
				CLANG_WARN_OBJC_IMPLICIT_RETAIN_SELF = YES;
				CLANG_WARN_OBJC_LITERAL_CONVERSION = YES;
				CLANG_WARN_OBJC_ROOT_CLASS = YES_ERROR;
				CLANG_WARN_RANGE_LOOP_ANALYSIS = YES;
				CLANG_WARN_STRICT_PROTOTYPES = YES;
				CLANG_WARN_SUSPICIOUS_MOVE = YES;
				CLANG_WARN_UNGUARDED_AVAILABILITY = YES_AGGRESSIVE;
				CLANG_WARN_UNREACHABLE_CODE = YES;
				CLANG_WARN__DUPLICATE_METHOD_MATCH = YES;
				CODE_SIGN_IDENTITY = "iPhone Developer";
				COPY_PHASE_STRIP = NO;
				DEBUG_INFORMATION_FORMAT = "dwarf-with-dsym";
				ENABLE_NS_ASSERTIONS = NO;
				ENABLE_STRICT_OBJC_MSGSEND = YES;
				GCC_C_LANGUAGE_STANDARD = gnu11;
				GCC_NO_COMMON_BLOCKS = YES;
				GCC_WARN_64_TO_32_BIT_CONVERSION = YES;
				GCC_WARN_ABOUT_RETURN_TYPE = YES_ERROR;
				GCC_WARN_UNDECLARED_SELECTOR = YES;
				GCC_WARN_UNINITIALIZED_AUTOS = YES_AGGRESSIVE;
				GCC_WARN_UNUSED_FUNCTION = YES;
				GCC_WARN_UNUSED_VARIABLE = YES;
				IPHONEOS_DEPLOYMENT_TARGET = 12.1;
				MTL_ENABLE_DEBUG_INFO = NO;
				MTL_FAST_MATH = YES;
				SDKROOT = iphoneos;
				SWIFT_COMPILATION_MODE = wholemodule;
				SWIFT_OPTIMIZATION_LEVEL = "-O";
				VALIDATE_PRODUCT = YES;
			};
			name = Release;
		};
		6A5DF8182260C70E00E71A13 /* Debug */ = {
			isa = XCBuildConfiguration;
			buildSettings = {
				ASSETCATALOG_COMPILER_APPICON_NAME = AppIcon;
				CODE_SIGN_STYLE = Automatic;
				INFOPLIST_FILE = rockPaperScissors/Info.plist;
				LD_RUNPATH_SEARCH_PATHS = (
					"$(inherited)",
					"@executable_path/Frameworks",
				);
				PRODUCT_BUNDLE_IDENTIFIER = ohe.rockPaperScissors;
				PRODUCT_NAME = "$(TARGET_NAME)";
				SWIFT_VERSION = 4.2;
				TARGETED_DEVICE_FAMILY = "1,2";
			};
			name = Debug;
		};
		6A5DF8192260C70E00E71A13 /* Release */ = {
			isa = XCBuildConfiguration;
			buildSettings = {
				ASSETCATALOG_COMPILER_APPICON_NAME = AppIcon;
				CODE_SIGN_STYLE = Automatic;
				INFOPLIST_FILE = rockPaperScissors/Info.plist;
				LD_RUNPATH_SEARCH_PATHS = (
					"$(inherited)",
					"@executable_path/Frameworks",
				);
				PRODUCT_BUNDLE_IDENTIFIER = ohe.rockPaperScissors;
				PRODUCT_NAME = "$(TARGET_NAME)";
				SWIFT_VERSION = 4.2;
				TARGETED_DEVICE_FAMILY = "1,2";
			};
			name = Release;
		};
		6A5DF81B2260C70E00E71A13 /* Debug */ = {
			isa = XCBuildConfiguration;
			buildSettings = {
				ALWAYS_EMBED_SWIFT_STANDARD_LIBRARIES = YES;
				BUNDLE_LOADER = "$(TEST_HOST)";
				CODE_SIGN_STYLE = Automatic;
				INFOPLIST_FILE = rockPaperScissorsTests/Info.plist;
				LD_RUNPATH_SEARCH_PATHS = (
					"$(inherited)",
					"@executable_path/Frameworks",
					"@loader_path/Frameworks",
				);
				PRODUCT_BUNDLE_IDENTIFIER = ohe.rockPaperScissorsTests;
				PRODUCT_NAME = "$(TARGET_NAME)";
				SWIFT_VERSION = 4.2;
				TARGETED_DEVICE_FAMILY = "1,2";
				TEST_HOST = "$(BUILT_PRODUCTS_DIR)/rockPaperScissors.app/rockPaperScissors";
			};
			name = Debug;
		};
		6A5DF81C2260C70E00E71A13 /* Release */ = {
			isa = XCBuildConfiguration;
			buildSettings = {
				ALWAYS_EMBED_SWIFT_STANDARD_LIBRARIES = YES;
				BUNDLE_LOADER = "$(TEST_HOST)";
				CODE_SIGN_STYLE = Automatic;
				INFOPLIST_FILE = rockPaperScissorsTests/Info.plist;
				LD_RUNPATH_SEARCH_PATHS = (
					"$(inherited)",
					"@executable_path/Frameworks",
					"@loader_path/Frameworks",
				);
				PRODUCT_BUNDLE_IDENTIFIER = ohe.rockPaperScissorsTests;
				PRODUCT_NAME = "$(TARGET_NAME)";
				SWIFT_VERSION = 4.2;
				TARGETED_DEVICE_FAMILY = "1,2";
				TEST_HOST = "$(BUILT_PRODUCTS_DIR)/rockPaperScissors.app/rockPaperScissors";
			};
			name = Release;
		};
		6A5DF81E2260C70E00E71A13 /* Debug */ = {
			isa = XCBuildConfiguration;
			buildSettings = {
				ALWAYS_EMBED_SWIFT_STANDARD_LIBRARIES = YES;
				CODE_SIGN_STYLE = Automatic;
				INFOPLIST_FILE = rockPaperScissorsUITests/Info.plist;
				LD_RUNPATH_SEARCH_PATHS = (
					"$(inherited)",
					"@executable_path/Frameworks",
					"@loader_path/Frameworks",
				);
				PRODUCT_BUNDLE_IDENTIFIER = ohe.rockPaperScissorsUITests;
				PRODUCT_NAME = "$(TARGET_NAME)";
				SWIFT_VERSION = 4.2;
				TARGETED_DEVICE_FAMILY = "1,2";
				TEST_TARGET_NAME = rockPaperScissors;
			};
			name = Debug;
		};
		6A5DF81F2260C70E00E71A13 /* Release */ = {
			isa = XCBuildConfiguration;
			buildSettings = {
				ALWAYS_EMBED_SWIFT_STANDARD_LIBRARIES = YES;
				CODE_SIGN_STYLE = Automatic;
				INFOPLIST_FILE = rockPaperScissorsUITests/Info.plist;
				LD_RUNPATH_SEARCH_PATHS = (
					"$(inherited)",
					"@executable_path/Frameworks",
					"@loader_path/Frameworks",
				);
				PRODUCT_BUNDLE_IDENTIFIER = ohe.rockPaperScissorsUITests;
				PRODUCT_NAME = "$(TARGET_NAME)";
				SWIFT_VERSION = 4.2;
				TARGETED_DEVICE_FAMILY = "1,2";
				TEST_TARGET_NAME = rockPaperScissors;
			};
			name = Release;
		};
/* End XCBuildConfiguration section */

/* Begin XCConfigurationList section */
		6A5DF7EA2260C70D00E71A13 /* Build configuration list for PBXProject "rockPaperScissors" */ = {
			isa = XCConfigurationList;
			buildConfigurations = (
				6A5DF8152260C70E00E71A13 /* Debug */,
				6A5DF8162260C70E00E71A13 /* Release */,
			);
			defaultConfigurationIsVisible = 0;
			defaultConfigurationName = Release;
		};
		6A5DF8172260C70E00E71A13 /* Build configuration list for PBXNativeTarget "rockPaperScissors" */ = {
			isa = XCConfigurationList;
			buildConfigurations = (
				6A5DF8182260C70E00E71A13 /* Debug */,
				6A5DF8192260C70E00E71A13 /* Release */,
			);
			defaultConfigurationIsVisible = 0;
			defaultConfigurationName = Release;
		};
		6A5DF81A2260C70E00E71A13 /* Build configuration list for PBXNativeTarget "rockPaperScissorsTests" */ = {
			isa = XCConfigurationList;
			buildConfigurations = (
				6A5DF81B2260C70E00E71A13 /* Debug */,
				6A5DF81C2260C70E00E71A13 /* Release */,
			);
			defaultConfigurationIsVisible = 0;
			defaultConfigurationName = Release;
		};
		6A5DF81D2260C70E00E71A13 /* Build configuration list for PBXNativeTarget "rockPaperScissorsUITests" */ = {
			isa = XCConfigurationList;
			buildConfigurations = (
				6A5DF81E2260C70E00E71A13 /* Debug */,
				6A5DF81F2260C70E00E71A13 /* Release */,
			);
			defaultConfigurationIsVisible = 0;
			defaultConfigurationName = Release;
		};
/* End XCConfigurationList section */
	};
	rootObject = 6A5DF7E72260C70D00E71A13 /* Project object */;
}
